PODS:
  - MultiPlatformLibrary (0.1.0)
  - MultiPlatformLibraryUnits/Core (0.1.0):
    - MultiPlatformLibrary
  - MultiPlatformLibraryUnits/R.swift (0.1.0):
    - MultiPlatformLibrary
    - R.swift
  - R.swift (5.1.0):
    - R.swift.Library (~> 5.1.0)
  - R.swift.Library (5.1.0)

DEPENDENCIES:
  - MultiPlatformLibrary (from `../mpp-library`)
  - MultiPlatformLibraryUnits/Core (from `https://github.com/icerockdev/moko-units.git`, tag `release/0.2.0-dev-2`)
  - MultiPlatformLibraryUnits/R.swift (from `https://github.com/icerockdev/moko-units.git`, tag `release/0.2.0-dev-2`)
  - R.swift (= 5.1.0)

SPEC REPOS:
  https://github.com/CocoaPods/Specs.git:
    - R.swift
    - R.swift.Library

EXTERNAL SOURCES:
  MultiPlatformLibrary:
    :path: "../mpp-library"
  MultiPlatformLibraryUnits:
    :git: https://github.com/icerockdev/moko-units.git
    :tag: release/0.2.0-dev-2

CHECKOUT OPTIONS:
  MultiPlatformLibraryUnits:
    :git: https://github.com/icerockdev/moko-units.git
    :tag: release/0.2.0-dev-2

SPEC CHECKSUMS:
  MultiPlatformLibrary: 176fb8ade516666cd47e93de1b71ba0441a541bb
  MultiPlatformLibraryUnits: 44eda0f9372f8a095225fae2579916208ca2c8d3
  R.swift: 8cbc4fc69b740305b6a17c8a8ed968eb788962d9
  R.swift.Library: fa85ce1e0d0b7e818cd9e080df910ba54d2776cc

PODFILE CHECKSUM: f5cde022c9070fe5e2563de90604d7adf8d1f3f2

COCOAPODS: 1.8.3
