PODS:
  - Differ (1.4.4)
  - MultiPlatformLibrary (0.1.0)
  - MultiPlatformLibraryUnits/Core (0.4.0):
    - MultiPlatformLibrary
  - MultiPlatformLibraryUnits/Differ (0.4.0):
    - Differ (= 1.4.4)
    - MultiPlatformLibrary
  - MultiPlatformLibraryUnits/R.swift (0.4.0):
    - MultiPlatformLibrary
    - R.swift (= 5.1.0)
  - R.swift (5.1.0):
    - R.swift.Library (~> 5.1.0)
  - R.swift.Library (5.1.0)

DEPENDENCIES:
  - MultiPlatformLibrary (from `../mpp-library`)
  - MultiPlatformLibraryUnits/Core (from `../../`)
  - MultiPlatformLibraryUnits/Differ (from `../../`)
  - MultiPlatformLibraryUnits/R.swift (from `../../`)

SPEC REPOS:
  trunk:
    - Differ
    - R.swift
    - R.swift.Library

EXTERNAL SOURCES:
  MultiPlatformLibrary:
    :path: "../mpp-library"
  MultiPlatformLibraryUnits:
    :path: "../../"

SPEC CHECKSUMS:
  Differ: 5cd747e2f29c11ea9605eba7cb369df17e2b1ee2
  MultiPlatformLibrary: 176fb8ade516666cd47e93de1b71ba0441a541bb
  MultiPlatformLibraryUnits: 7539c9ad63fee772984f8e2e4b65f99da1299664
  R.swift: 8cbc4fc69b740305b6a17c8a8ed968eb788962d9
  R.swift.Library: fa85ce1e0d0b7e818cd9e080df910ba54d2776cc

PODFILE CHECKSUM: c4cdc67a0a0b3a47f602d5746f08e6430b9fc369

COCOAPODS: 1.10.0
